
Microsoft Visual Studio Solution File, Format Version 12.00
Project("{FAE04EC0-301F-11D3-BF4B-00C04F79EFBC}") = "DevContainerTest", "DevContainerTest\DevContainerTest.csproj", "{8E044D89-1C7E-4E8B-9237-1EF2F1D2737C}"
EndProject
Global
	GlobalSection(SolutionConfigurationPlatforms) = preSolution
		Debug|Any CPU = Debug|Any CPU
		Release|Any CPU = Release|Any CPU
	EndGlobalSection
	GlobalSection(ProjectConfigurationPlatforms) = postSolution
		{8E044D89-1C7E-4E8B-9237-1EF2F1D2737C}.Debug|Any CPU.ActiveCfg = Debug|Any CPU
		{8E044D89-1C7E-4E8B-9237-1EF2F1D2737C}.Debug|Any CPU.Build.0 = Debug|Any CPU
		{8E044D89-1C7E-4E8B-9237-1EF2F1D2737C}.Release|Any CPU.ActiveCfg = Release|Any CPU
		{8E044D89-1C7E-4E8B-9237-1EF2F1D2737C}.Release|Any CPU.Build.0 = Release|Any CPU
	EndGlobalSection
EndGlobal
